
Microsoft Visual Studio Solution File, Format Version 12.00
# Visual Studio 14
VisualStudioVersion = 14.0.23107.0
MinimumVisualStudioVersion = 10.0.40219.1
Project("{8BB2217D-0F2D-49D1-97BC-3654ED321F3B}") = "Mneme.Api.Directory", "Mneme.Api.Directory\Mneme.Api.Directory.xproj", "{DCBE19FA-BA1C-464A-A0B6-E72C95BADC08}"
EndProject
Project("{8BB2217D-0F2D-49D1-97BC-3654ED321F3B}") = "Mneme.Api.Manage", "Mneme.Api.Manage\Mneme.Api.Manage.xproj", "{8C38F018-9CD1-48E7-AC7F-6D08DE29518A}"
EndProject
Project("{2150E333-8FDC-42A3-9474-1A3956D46DE8}") = "1. Storage", "1. Storage", "{154D68C7-D8FB-4D56-BC20-49D96BD64BEA}"
EndProject
Project("{00D1A9C2-B5F0-4AF3-8072-F6C62B433612}") = "MnemeDatabase", "MnemeDatabase\MnemeDatabase.sqlproj", "{29613580-D4F2-4421-81C4-5B68B95CA47C}"
EndProject
Global
	GlobalSection(SolutionConfigurationPlatforms) = preSolution
		Debug|Any CPU = Debug|Any CPU
		Release|Any CPU = Release|Any CPU
	EndGlobalSection
	GlobalSection(ProjectConfigurationPlatforms) = postSolution
		{DCBE19FA-BA1C-464A-A0B6-E72C95BADC08}.Debug|Any CPU.ActiveCfg = Debug|Any CPU
		{DCBE19FA-BA1C-464A-A0B6-E72C95BADC08}.Debug|Any CPU.Build.0 = Debug|Any CPU
		{DCBE19FA-BA1C-464A-A0B6-E72C95BADC08}.Release|Any CPU.ActiveCfg = Release|Any CPU
		{DCBE19FA-BA1C-464A-A0B6-E72C95BADC08}.Release|Any CPU.Build.0 = Release|Any CPU
		{8C38F018-9CD1-48E7-AC7F-6D08DE29518A}.Debug|Any CPU.ActiveCfg = Debug|Any CPU
		{8C38F018-9CD1-48E7-AC7F-6D08DE29518A}.Debug|Any CPU.Build.0 = Debug|Any CPU
		{8C38F018-9CD1-48E7-AC7F-6D08DE29518A}.Release|Any CPU.ActiveCfg = Release|Any CPU
		{8C38F018-9CD1-48E7-AC7F-6D08DE29518A}.Release|Any CPU.Build.0 = Release|Any CPU
		{29613580-D4F2-4421-81C4-5B68B95CA47C}.Debug|Any CPU.ActiveCfg = Debug|Any CPU
		{29613580-D4F2-4421-81C4-5B68B95CA47C}.Debug|Any CPU.Build.0 = Debug|Any CPU
		{29613580-D4F2-4421-81C4-5B68B95CA47C}.Debug|Any CPU.Deploy.0 = Debug|Any CPU
		{29613580-D4F2-4421-81C4-5B68B95CA47C}.Release|Any CPU.ActiveCfg = Release|Any CPU
		{29613580-D4F2-4421-81C4-5B68B95CA47C}.Release|Any CPU.Build.0 = Release|Any CPU
		{29613580-D4F2-4421-81C4-5B68B95CA47C}.Release|Any CPU.Deploy.0 = Release|Any CPU
	EndGlobalSection
	GlobalSection(SolutionProperties) = preSolution
		HideSolutionNode = FALSE
	EndGlobalSection
	GlobalSection(NestedProjects) = preSolution
		{29613580-D4F2-4421-81C4-5B68B95CA47C} = {154D68C7-D8FB-4D56-BC20-49D96BD64BEA}
	EndGlobalSection
EndGlobal
