
Microsoft Visual Studio Solution File, Format Version 12.00
# Visual Studio 14
VisualStudioVersion = 14.0.23107.0
MinimumVisualStudioVersion = 10.0.40219.1
Project("{FAE04EC0-301F-11D3-BF4B-00C04F79EFBC}") = "Mneme.Api", "Mneme.Api\Mneme.Api.csproj", "{EF2823C2-EEE1-46FB-BAF1-0D722A5F74F9}"
EndProject
Project("{FAE04EC0-301F-11D3-BF4B-00C04F79EFBC}") = "Mneme.Api.Tests", "Mneme.Api.Tests\Mneme.Api.Tests.csproj", "{9833652D-4424-42D0-ABB4-2507F387A7D3}"
EndProject
Project("{00D1A9C2-B5F0-4AF3-8072-F6C62B433612}") = "Mneme.Db", "Mneme.Db\Mneme.Db.sqlproj", "{CB7AA92C-2A53-4472-86F7-4BBA685C4143}"
EndProject
Project("{FAE04EC0-301F-11D3-BF4B-00C04F79EFBC}") = "Mneme.Model", "Mneme.Model\Mneme.Model.csproj", "{3557D914-C1C6-4DA7-A2A8-12FF78A31B7B}"
EndProject
Project("{2150E333-8FDC-42A3-9474-1A3956D46DE8}") = "02. Libraries", "02. Libraries", "{9C70341D-E7D5-4569-A3A5-3CB15477319B}"
EndProject
Project("{2150E333-8FDC-42A3-9474-1A3956D46DE8}") = "01. Database", "01. Database", "{A0CE6FE3-5859-4C7D-ADD6-AB636B5B9045}"
EndProject
Project("{2150E333-8FDC-42A3-9474-1A3956D46DE8}") = "05. Web", "05. Web", "{B109D5D7-7E87-4106-AE61-C874C27F1513}"
EndProject
Project("{2150E333-8FDC-42A3-9474-1A3956D46DE8}") = "50. Test", "50. Test", "{02CB71E7-25F6-45A5-AD57-17AF606B344F}"
EndProject
Project("{FAE04EC0-301F-11D3-BF4B-00C04F79EFBC}") = "Mneme.DomainModel", "Mneme.DomainModel\Mneme.DomainModel.csproj", "{10FA880E-24D9-47B1-8FA3-A6CD55DF5C8A}"
EndProject
Project("{FAE04EC0-301F-11D3-BF4B-00C04F79EFBC}") = "Mneme.InternalModel", "Mneme.InternalModel\Mneme.InternalModel.csproj", "{8F79CC38-625A-4D77-AC99-416EC8242CA1}"
EndProject
Project("{2150E333-8FDC-42A3-9474-1A3956D46DE8}") = "Model", "Model", "{1F90462F-AB03-4330-B64A-FCB007F4FE34}"
EndProject
Project("{2150E333-8FDC-42A3-9474-1A3956D46DE8}") = "Logic", "Logic", "{36F03355-450E-4320-8FED-A903350FF36E}"
EndProject
Project("{FAE04EC0-301F-11D3-BF4B-00C04F79EFBC}") = "Mneme.BusinessLogic", "Mneme.BusinessLogic\Mneme.BusinessLogic.csproj", "{E28F3275-6029-4010-BA99-0728F26959B4}"
EndProject
Project("{FAE04EC0-301F-11D3-BF4B-00C04F79EFBC}") = "Mneme.StorageLogic", "Mneme.StorageLogic\Mneme.StorageLogic.csproj", "{CC8187D0-F11B-4AE6-B531-9078A0D235FE}"
EndProject
Project("{FAE04EC0-301F-11D3-BF4B-00C04F79EFBC}") = "Mneme.Common", "Mneme.Common\Mneme.Common.csproj", "{44E36137-B608-412E-A3AF-7232D285FEB9}"
EndProject
Global
	GlobalSection(SolutionConfigurationPlatforms) = preSolution
		Debug|Any CPU = Debug|Any CPU
		Release|Any CPU = Release|Any CPU
	EndGlobalSection
	GlobalSection(ProjectConfigurationPlatforms) = postSolution
		{EF2823C2-EEE1-46FB-BAF1-0D722A5F74F9}.Debug|Any CPU.ActiveCfg = Debug|Any CPU
		{EF2823C2-EEE1-46FB-BAF1-0D722A5F74F9}.Debug|Any CPU.Build.0 = Debug|Any CPU
		{EF2823C2-EEE1-46FB-BAF1-0D722A5F74F9}.Release|Any CPU.ActiveCfg = Release|Any CPU
		{EF2823C2-EEE1-46FB-BAF1-0D722A5F74F9}.Release|Any CPU.Build.0 = Release|Any CPU
		{9833652D-4424-42D0-ABB4-2507F387A7D3}.Debug|Any CPU.ActiveCfg = Debug|Any CPU
		{9833652D-4424-42D0-ABB4-2507F387A7D3}.Debug|Any CPU.Build.0 = Debug|Any CPU
		{9833652D-4424-42D0-ABB4-2507F387A7D3}.Release|Any CPU.ActiveCfg = Release|Any CPU
		{9833652D-4424-42D0-ABB4-2507F387A7D3}.Release|Any CPU.Build.0 = Release|Any CPU
		{CB7AA92C-2A53-4472-86F7-4BBA685C4143}.Debug|Any CPU.ActiveCfg = Debug|Any CPU
		{CB7AA92C-2A53-4472-86F7-4BBA685C4143}.Debug|Any CPU.Build.0 = Debug|Any CPU
		{CB7AA92C-2A53-4472-86F7-4BBA685C4143}.Debug|Any CPU.Deploy.0 = Debug|Any CPU
		{CB7AA92C-2A53-4472-86F7-4BBA685C4143}.Release|Any CPU.ActiveCfg = Release|Any CPU
		{CB7AA92C-2A53-4472-86F7-4BBA685C4143}.Release|Any CPU.Build.0 = Release|Any CPU
		{CB7AA92C-2A53-4472-86F7-4BBA685C4143}.Release|Any CPU.Deploy.0 = Release|Any CPU
		{3557D914-C1C6-4DA7-A2A8-12FF78A31B7B}.Debug|Any CPU.ActiveCfg = Debug|Any CPU
		{3557D914-C1C6-4DA7-A2A8-12FF78A31B7B}.Debug|Any CPU.Build.0 = Debug|Any CPU
		{3557D914-C1C6-4DA7-A2A8-12FF78A31B7B}.Release|Any CPU.ActiveCfg = Release|Any CPU
		{3557D914-C1C6-4DA7-A2A8-12FF78A31B7B}.Release|Any CPU.Build.0 = Release|Any CPU
		{10FA880E-24D9-47B1-8FA3-A6CD55DF5C8A}.Debug|Any CPU.ActiveCfg = Debug|Any CPU
		{10FA880E-24D9-47B1-8FA3-A6CD55DF5C8A}.Debug|Any CPU.Build.0 = Debug|Any CPU
		{10FA880E-24D9-47B1-8FA3-A6CD55DF5C8A}.Release|Any CPU.ActiveCfg = Release|Any CPU
		{10FA880E-24D9-47B1-8FA3-A6CD55DF5C8A}.Release|Any CPU.Build.0 = Release|Any CPU
		{8F79CC38-625A-4D77-AC99-416EC8242CA1}.Debug|Any CPU.ActiveCfg = Debug|Any CPU
		{8F79CC38-625A-4D77-AC99-416EC8242CA1}.Debug|Any CPU.Build.0 = Debug|Any CPU
		{8F79CC38-625A-4D77-AC99-416EC8242CA1}.Release|Any CPU.ActiveCfg = Release|Any CPU
		{8F79CC38-625A-4D77-AC99-416EC8242CA1}.Release|Any CPU.Build.0 = Release|Any CPU
		{E28F3275-6029-4010-BA99-0728F26959B4}.Debug|Any CPU.ActiveCfg = Debug|Any CPU
		{E28F3275-6029-4010-BA99-0728F26959B4}.Debug|Any CPU.Build.0 = Debug|Any CPU
		{E28F3275-6029-4010-BA99-0728F26959B4}.Release|Any CPU.ActiveCfg = Release|Any CPU
		{E28F3275-6029-4010-BA99-0728F26959B4}.Release|Any CPU.Build.0 = Release|Any CPU
		{CC8187D0-F11B-4AE6-B531-9078A0D235FE}.Debug|Any CPU.ActiveCfg = Debug|Any CPU
		{CC8187D0-F11B-4AE6-B531-9078A0D235FE}.Debug|Any CPU.Build.0 = Debug|Any CPU
		{CC8187D0-F11B-4AE6-B531-9078A0D235FE}.Release|Any CPU.ActiveCfg = Release|Any CPU
		{CC8187D0-F11B-4AE6-B531-9078A0D235FE}.Release|Any CPU.Build.0 = Release|Any CPU
		{44E36137-B608-412E-A3AF-7232D285FEB9}.Debug|Any CPU.ActiveCfg = Debug|Any CPU
		{44E36137-B608-412E-A3AF-7232D285FEB9}.Debug|Any CPU.Build.0 = Debug|Any CPU
		{44E36137-B608-412E-A3AF-7232D285FEB9}.Release|Any CPU.ActiveCfg = Release|Any CPU
		{44E36137-B608-412E-A3AF-7232D285FEB9}.Release|Any CPU.Build.0 = Release|Any CPU
	EndGlobalSection
	GlobalSection(SolutionProperties) = preSolution
		HideSolutionNode = FALSE
	EndGlobalSection
	GlobalSection(NestedProjects) = preSolution
		{EF2823C2-EEE1-46FB-BAF1-0D722A5F74F9} = {B109D5D7-7E87-4106-AE61-C874C27F1513}
		{9833652D-4424-42D0-ABB4-2507F387A7D3} = {02CB71E7-25F6-45A5-AD57-17AF606B344F}
		{CB7AA92C-2A53-4472-86F7-4BBA685C4143} = {A0CE6FE3-5859-4C7D-ADD6-AB636B5B9045}
		{3557D914-C1C6-4DA7-A2A8-12FF78A31B7B} = {1F90462F-AB03-4330-B64A-FCB007F4FE34}
		{10FA880E-24D9-47B1-8FA3-A6CD55DF5C8A} = {1F90462F-AB03-4330-B64A-FCB007F4FE34}
		{8F79CC38-625A-4D77-AC99-416EC8242CA1} = {1F90462F-AB03-4330-B64A-FCB007F4FE34}
		{1F90462F-AB03-4330-B64A-FCB007F4FE34} = {9C70341D-E7D5-4569-A3A5-3CB15477319B}
		{36F03355-450E-4320-8FED-A903350FF36E} = {9C70341D-E7D5-4569-A3A5-3CB15477319B}
		{E28F3275-6029-4010-BA99-0728F26959B4} = {36F03355-450E-4320-8FED-A903350FF36E}
		{CC8187D0-F11B-4AE6-B531-9078A0D235FE} = {36F03355-450E-4320-8FED-A903350FF36E}
		{44E36137-B608-412E-A3AF-7232D285FEB9} = {9C70341D-E7D5-4569-A3A5-3CB15477319B}
	EndGlobalSection
EndGlobal
